id: nacl_generate_key
label: Generate Key
category: '[NACL]'

templates:
  imports: import nacl
  make: nacl.generate_key(${filename_key})

#  Make one 'parameters' list entry for every parameter you want settable from the GUI.
#     Keys include:
#     * id (makes the value accessible as \$keyname, e.g. in the make entry)
#     * label (label shown in the GUI)
#     * dtype (e.g. int, float, complex, byte, short, xxx_vector, ...)
parameters:
- id: filename_key
  label: Filename key
  dtype: file_save

#  'file_format' specifies the version of the GRC yml format used in the file
#  and should usually not be changed.
file_format: 1
